// !$*UTF8*$!
{
	archiveVersion = 1;
	classes = {
	};
	objectVersion = 77;
	objects = {

/* Begin PBXBuildFile section */
		B344000C2CE4FF6B005D9515 /* ExpandableText in Frameworks */ = {isa = PBXBuildFile; productRef = B344000B2CE4FF6B005D9515 /* ExpandableText */; };
		B34400252CE7A675005D9515 /* CodeScanner in Frameworks */ = {isa = PBXBuildFile; productRef = B34400242CE7A675005D9515 /* CodeScanner */; };
		B36E34AC2CD7C9B40081FB4E /* FirebaseAnalytics in Frameworks */ = {isa = PBXBuildFile; productRef = B36E34AB2CD7C9B40081FB4E /* FirebaseAnalytics */; };
		B36E34AE2CD7C9B40081FB4E /* FirebaseAnalyticsOnDeviceConversion in Frameworks */ = {isa = PBXBuildFile; productRef = B36E34AD2CD7C9B40081FB4E /* FirebaseAnalyticsOnDeviceConversion */; };
		B36E34B02CD7C9B40081FB4E /* FirebaseAnalyticsWithoutAdIdSupport in Frameworks */ = {isa = PBXBuildFile; productRef = B36E34AF2CD7C9B40081FB4E /* FirebaseAnalyticsWithoutAdIdSupport */; };
		B36E34B22CD7C9B40081FB4E /* FirebaseAppCheck in Frameworks */ = {isa = PBXBuildFile; productRef = B36E34B12CD7C9B40081FB4E /* FirebaseAppCheck */; };
		B36E34B42CD7C9B40081FB4E /* FirebaseAppDistribution-Beta in Frameworks */ = {isa = PBXBuildFile; productRef = B36E34B32CD7C9B40081FB4E /* FirebaseAppDistribution-Beta */; };
		B36E34B62CD7C9B40081FB4E /* FirebaseAuth in Frameworks */ = {isa = PBXBuildFile; productRef = B36E34B52CD7C9B40081FB4E /* FirebaseAuth */; };
		B36E34B82CD7C9B40081FB4E /* FirebaseFirestore in Frameworks */ = {isa = PBXBuildFile; productRef = B36E34B72CD7C9B40081FB4E /* FirebaseFirestore */; };
		B36E34BA2CD7C9B40081FB4E /* FirebaseStorage in Frameworks */ = {isa = PBXBuildFile; productRef = B36E34B92CD7C9B40081FB4E /* FirebaseStorage */; };
		B36E34BD2CD7CA040081FB4E /* GoogleSignIn in Frameworks */ = {isa = PBXBuildFile; productRef = B36E34BC2CD7CA040081FB4E /* GoogleSignIn */; };
		B36E34BF2CD7CA040081FB4E /* GoogleSignInSwift in Frameworks */ = {isa = PBXBuildFile; productRef = B36E34BE2CD7CA040081FB4E /* GoogleSignInSwift */; };
		B36E34C22CD7CA3D0081FB4E /* KeychainSwift in Frameworks */ = {isa = PBXBuildFile; productRef = B36E34C12CD7CA3D0081FB4E /* KeychainSwift */; };
		BCA1DC5C2D4F5E1E003DF657 /* RealmSwift in Frameworks */ = {isa = PBXBuildFile; productRef = BCA1DC5B2D4F5E1E003DF657 /* RealmSwift */; };
		BCA1DC5D2D4F5E3E003DF657 /* RealmSwift in Embed Frameworks */ = {isa = PBXBuildFile; productRef = BCA1DC5B2D4F5E1E003DF657 /* RealmSwift */; settings = {ATTRIBUTES = (CodeSignOnCopy, ); }; };
		BCABDD8C2D56406000608751 /* Kingfisher in Frameworks */ = {isa = PBXBuildFile; productRef = BCABDD8B2D56406000608751 /* Kingfisher */; };
/* End PBXBuildFile section */

/* Begin PBXCopyFilesBuildPhase section */
		BCF926E82D4F5DB80089C7A4 /* Embed Frameworks */ = {
			isa = PBXCopyFilesBuildPhase;
			buildActionMask = 2147483647;
			dstPath = "";
			dstSubfolderSpec = 10;
			files = (
				BCA1DC5D2D4F5E3E003DF657 /* RealmSwift in Embed Frameworks */,
			);
			name = "Embed Frameworks";
			runOnlyForDeploymentPostprocessing = 0;
		};
/* End PBXCopyFilesBuildPhase section */

/* Begin PBXFileReference section */
		BC2172552CC69ACD00C042EA /* SnapNGo.app */ = {isa = PBXFileReference; explicitFileType = wrapper.application; includeInIndex = 0; path = SnapNGo.app; sourceTree = BUILT_PRODUCTS_DIR; };
/* End PBXFileReference section */

/* Begin PBXFileSystemSynchronizedBuildFileExceptionSet section */
		BCD2A7622CD5231900127899 /* Exceptions for "SnapNGo" folder in "SnapNGo" target */ = {
			isa = PBXFileSystemSynchronizedBuildFileExceptionSet;
			membershipExceptions = (
				Info.plist,
			);
			target = BC2172542CC69ACD00C042EA /* SnapNGo */;
		};
/* End PBXFileSystemSynchronizedBuildFileExceptionSet section */

/* Begin PBXFileSystemSynchronizedRootGroup section */
		BC2172572CC69ACD00C042EA /* SnapNGo */ = {
			isa = PBXFileSystemSynchronizedRootGroup;
			exceptions = (
				BCD2A7622CD5231900127899 /* Exceptions for "SnapNGo" folder in "SnapNGo" target */,
			);
			path = SnapNGo;
			sourceTree = "<group>";
		};
/* End PBXFileSystemSynchronizedRootGroup section */

/* Begin PBXFrameworksBuildPhase section */
		BC2172522CC69ACD00C042EA /* Frameworks */ = {
			isa = PBXFrameworksBuildPhase;
			buildActionMask = 2147483647;
			files = (
				B36E34B22CD7C9B40081FB4E /* FirebaseAppCheck in Frameworks */,
				B36E34B62CD7C9B40081FB4E /* FirebaseAuth in Frameworks */,
				BCA1DC5C2D4F5E1E003DF657 /* RealmSwift in Frameworks */,
				B36E34AC2CD7C9B40081FB4E /* FirebaseAnalytics in Frameworks */,
				B344000C2CE4FF6B005D9515 /* ExpandableText in Frameworks */,
				B36E34B42CD7C9B40081FB4E /* FirebaseAppDistribution-Beta in Frameworks */,
				B36E34B02CD7C9B40081FB4E /* FirebaseAnalyticsWithoutAdIdSupport in Frameworks */,
				B36E34BF2CD7CA040081FB4E /* GoogleSignInSwift in Frameworks */,
				B36E34C22CD7CA3D0081FB4E /* KeychainSwift in Frameworks */,
				BCABDD8C2D56406000608751 /* Kingfisher in Frameworks */,
				B36E34BA2CD7C9B40081FB4E /* FirebaseStorage in Frameworks */,
				B36E34AE2CD7C9B40081FB4E /* FirebaseAnalyticsOnDeviceConversion in Frameworks */,
				B36E34B82CD7C9B40081FB4E /* FirebaseFirestore in Frameworks */,
				B36E34BD2CD7CA040081FB4E /* GoogleSignIn in Frameworks */,
				B34400252CE7A675005D9515 /* CodeScanner in Frameworks */,
			);
			runOnlyForDeploymentPostprocessing = 0;
		};
/* End PBXFrameworksBuildPhase section */

/* Begin PBXGroup section */
		B36E34AA2CD7C9B40081FB4E /* Frameworks */ = {
			isa = PBXGroup;
			children = (
			);
			name = Frameworks;
			sourceTree = "<group>";
		};
		BC21724C2CC69ACD00C042EA = {
			isa = PBXGroup;
			children = (
				BC2172572CC69ACD00C042EA /* SnapNGo */,
				B36E34AA2CD7C9B40081FB4E /* Frameworks */,
				BC2172562CC69ACD00C042EA /* Products */,
			);
			sourceTree = "<group>";
		};
		BC2172562CC69ACD00C042EA /* Products */ = {
			isa = PBXGroup;
			children = (
				BC2172552CC69ACD00C042EA /* SnapNGo.app */,
			);
			name = Products;
			sourceTree = "<group>";
		};
/* End PBXGroup section */

/* Begin PBXNativeTarget section */
		BC2172542CC69ACD00C042EA /* SnapNGo */ = {
			isa = PBXNativeTarget;
			buildConfigurationList = BC2172632CC69ACF00C042EA /* Build configuration list for PBXNativeTarget "SnapNGo" */;
			buildPhases = (
				BC2172512CC69ACD00C042EA /* Sources */,
				BC2172522CC69ACD00C042EA /* Frameworks */,
				BC2172532CC69ACD00C042EA /* Resources */,
				BCF926E82D4F5DB80089C7A4 /* Embed Frameworks */,
			);
			buildRules = (
			);
			dependencies = (
			);
			fileSystemSynchronizedGroups = (
				BC2172572CC69ACD00C042EA /* SnapNGo */,
			);
			name = SnapNGo;
			packageProductDependencies = (
				B36E34AB2CD7C9B40081FB4E /* FirebaseAnalytics */,
				B36E34AD2CD7C9B40081FB4E /* FirebaseAnalyticsOnDeviceConversion */,
				B36E34AF2CD7C9B40081FB4E /* FirebaseAnalyticsWithoutAdIdSupport */,
				B36E34B12CD7C9B40081FB4E /* FirebaseAppCheck */,
				B36E34B32CD7C9B40081FB4E /* FirebaseAppDistribution-Beta */,
				B36E34B52CD7C9B40081FB4E /* FirebaseAuth */,
				B36E34B72CD7C9B40081FB4E /* FirebaseFirestore */,
				B36E34B92CD7C9B40081FB4E /* FirebaseStorage */,
				B36E34BC2CD7CA040081FB4E /* GoogleSignIn */,
				B36E34BE2CD7CA040081FB4E /* GoogleSignInSwift */,
				B36E34C12CD7CA3D0081FB4E /* KeychainSwift */,
				B344000B2CE4FF6B005D9515 /* ExpandableText */,
				B34400242CE7A675005D9515 /* CodeScanner */,
				BCA1DC5B2D4F5E1E003DF657 /* RealmSwift */,
				BCABDD8B2D56406000608751 /* Kingfisher */,
			);
			productName = SnapNGo;
			productReference = BC2172552CC69ACD00C042EA /* SnapNGo.app */;
			productType = "com.apple.product-type.application";
		};
/* End PBXNativeTarget section */

/* Begin PBXProject section */
		BC21724D2CC69ACD00C042EA /* Project object */ = {
			isa = PBXProject;
			attributes = {
				BuildIndependentTargetsInParallel = 1;
				LastSwiftUpdateCheck = 1600;
				LastUpgradeCheck = 1600;
				TargetAttributes = {
					BC2172542CC69ACD00C042EA = {
						CreatedOnToolsVersion = 16.0;
					};
				};
			};
			buildConfigurationList = BC2172502CC69ACD00C042EA /* Build configuration list for PBXProject "SnapNGo" */;
			developmentRegion = en;
			hasScannedForEncodings = 0;
			knownRegions = (
				en,
				Base,
			);
			mainGroup = BC21724C2CC69ACD00C042EA;
			minimizedProjectReferenceProxies = 1;
			packageReferences = (
				B36E34A92CD7C98C0081FB4E /* XCRemoteSwiftPackageReference "firebase-ios-sdk" */,
				B36E34BB2CD7CA040081FB4E /* XCRemoteSwiftPackageReference "GoogleSignIn-iOS" */,
				B36E34C02CD7CA3D0081FB4E /* XCRemoteSwiftPackageReference "keychain-swift" */,
				B344000A2CE4FF6B005D9515 /* XCRemoteSwiftPackageReference "ExpandableText" */,
				B34400232CE7A675005D9515 /* XCRemoteSwiftPackageReference "CodeScanner" */,
				BCA1DC582D4F5E1E003DF657 /* XCRemoteSwiftPackageReference "realm-swift" */,
				BCABDD8A2D56406000608751 /* XCRemoteSwiftPackageReference "Kingfisher" */,
			);
			preferredProjectObjectVersion = 77;
			productRefGroup = BC2172562CC69ACD00C042EA /* Products */;
			projectDirPath = "";
			projectRoot = "";
			targets = (
				BC2172542CC69ACD00C042EA /* SnapNGo */,
			);
		};
/* End PBXProject section */

/* Begin PBXResourcesBuildPhase section */
		BC2172532CC69ACD00C042EA /* Resources */ = {
			isa = PBXResourcesBuildPhase;
			buildActionMask = 2147483647;
			files = (
			);
			runOnlyForDeploymentPostprocessing = 0;
		};
/* End PBXResourcesBuildPhase section */

/* Begin PBXSourcesBuildPhase section */
		BC2172512CC69ACD00C042EA /* Sources */ = {
			isa = PBXSourcesBuildPhase;
			buildActionMask = 2147483647;
			files = (
			);
			runOnlyForDeploymentPostprocessing = 0;
		};
/* End PBXSourcesBuildPhase section */

/* Begin XCBuildConfiguration section */
		BC2172612CC69ACF00C042EA /* Debug */ = {
			isa = XCBuildConfiguration;
			buildSettings = {
				ALWAYS_SEARCH_USER_PATHS = NO;
				ASSETCATALOG_COMPILER_GENERATE_SWIFT_ASSET_SYMBOL_EXTENSIONS = YES;
				CLANG_ANALYZER_NONNULL = YES;
				CLANG_ANALYZER_NUMBER_OBJECT_CONVERSION = YES_AGGRESSIVE;
				CLANG_CXX_LANGUAGE_STANDARD = "gnu++20";
				CLANG_ENABLE_MODULES = YES;
				CLANG_ENABLE_OBJC_ARC = YES;
				CLANG_ENABLE_OBJC_WEAK = YES;
				CLANG_WARN_BLOCK_CAPTURE_AUTORELEASING = YES;
				CLANG_WARN_BOOL_CONVERSION = YES;
				CLANG_WARN_COMMA = YES;
				CLANG_WARN_CONSTANT_CONVERSION = YES;
				CLANG_WARN_DEPRECATED_OBJC_IMPLEMENTATIONS = YES;
				CLANG_WARN_DIRECT_OBJC_ISA_USAGE = YES_ERROR;
				CLANG_WARN_DOCUMENTATION_COMMENTS = YES;
				CLANG_WARN_EMPTY_BODY = YES;
				CLANG_WARN_ENUM_CONVERSION = YES;
				CLANG_WARN_INFINITE_RECURSION = YES;
				CLANG_WARN_INT_CONVERSION = YES;
				CLANG_WARN_NON_LITERAL_NULL_CONVERSION = YES;
				CLANG_WARN_OBJC_IMPLICIT_RETAIN_SELF = YES;
				CLANG_WARN_OBJC_LITERAL_CONVERSION = YES;
				CLANG_WARN_OBJC_ROOT_CLASS = YES_ERROR;
				CLANG_WARN_QUOTED_INCLUDE_IN_FRAMEWORK_HEADER = YES;
				CLANG_WARN_RANGE_LOOP_ANALYSIS = YES;
				CLANG_WARN_STRICT_PROTOTYPES = YES;
				CLANG_WARN_SUSPICIOUS_MOVE = YES;
				CLANG_WARN_UNGUARDED_AVAILABILITY = YES_AGGRESSIVE;
				CLANG_WARN_UNREACHABLE_CODE = YES;
				CLANG_WARN__DUPLICATE_METHOD_MATCH = YES;
				COPY_PHASE_STRIP = NO;
				DEBUG_INFORMATION_FORMAT = dwarf;
				ENABLE_STRICT_OBJC_MSGSEND = YES;
				ENABLE_TESTABILITY = YES;
				ENABLE_USER_SCRIPT_SANDBOXING = YES;
				GCC_C_LANGUAGE_STANDARD = gnu17;
				GCC_DYNAMIC_NO_PIC = NO;
				GCC_NO_COMMON_BLOCKS = YES;
				GCC_OPTIMIZATION_LEVEL = 0;
				GCC_PREPROCESSOR_DEFINITIONS = (
					"DEBUG=1",
					"$(inherited)",
				);
				GCC_WARN_64_TO_32_BIT_CONVERSION = YES;
				GCC_WARN_ABOUT_RETURN_TYPE = YES_ERROR;
				GCC_WARN_UNDECLARED_SELECTOR = YES;
				GCC_WARN_UNINITIALIZED_AUTOS = YES_AGGRESSIVE;
				GCC_WARN_UNUSED_FUNCTION = YES;
				GCC_WARN_UNUSED_VARIABLE = YES;
				IPHONEOS_DEPLOYMENT_TARGET = 18.0;
				LOCALIZATION_PREFERS_STRING_CATALOGS = YES;
				MTL_ENABLE_DEBUG_INFO = INCLUDE_SOURCE;
				MTL_FAST_MATH = YES;
				ONLY_ACTIVE_ARCH = YES;
				SDKROOT = iphoneos;
				SWIFT_ACTIVE_COMPILATION_CONDITIONS = "DEBUG $(inherited)";
				SWIFT_OPTIMIZATION_LEVEL = "-Onone";
			};
			name = Debug;
		};
		BC2172622CC69ACF00C042EA /* Release */ = {
			isa = XCBuildConfiguration;
			buildSettings = {
				ALWAYS_SEARCH_USER_PATHS = NO;
				ASSETCATALOG_COMPILER_GENERATE_SWIFT_ASSET_SYMBOL_EXTENSIONS = YES;
				CLANG_ANALYZER_NONNULL = YES;
				CLANG_ANALYZER_NUMBER_OBJECT_CONVERSION = YES_AGGRESSIVE;
				CLANG_CXX_LANGUAGE_STANDARD = "gnu++20";
				CLANG_ENABLE_MODULES = YES;
				CLANG_ENABLE_OBJC_ARC = YES;
				CLANG_ENABLE_OBJC_WEAK = YES;
				CLANG_WARN_BLOCK_CAPTURE_AUTORELEASING = YES;
				CLANG_WARN_BOOL_CONVERSION = YES;
				CLANG_WARN_COMMA = YES;
				CLANG_WARN_CONSTANT_CONVERSION = YES;
				CLANG_WARN_DEPRECATED_OBJC_IMPLEMENTATIONS = YES;
				CLANG_WARN_DIRECT_OBJC_ISA_USAGE = YES_ERROR;
				CLANG_WARN_DOCUMENTATION_COMMENTS = YES;
				CLANG_WARN_EMPTY_BODY = YES;
				CLANG_WARN_ENUM_CONVERSION = YES;
				CLANG_WARN_INFINITE_RECURSION = YES;
				CLANG_WARN_INT_CONVERSION = YES;
				CLANG_WARN_NON_LITERAL_NULL_CONVERSION = YES;
				CLANG_WARN_OBJC_IMPLICIT_RETAIN_SELF = YES;
				CLANG_WARN_OBJC_LITERAL_CONVERSION = YES;
				CLANG_WARN_OBJC_ROOT_CLASS = YES_ERROR;
				CLANG_WARN_QUOTED_INCLUDE_IN_FRAMEWORK_HEADER = YES;
				CLANG_WARN_RANGE_LOOP_ANALYSIS = YES;
				CLANG_WARN_STRICT_PROTOTYPES = YES;
				CLANG_WARN_SUSPICIOUS_MOVE = YES;
				CLANG_WARN_UNGUARDED_AVAILABILITY = YES_AGGRESSIVE;
				CLANG_WARN_UNREACHABLE_CODE = YES;
				CLANG_WARN__DUPLICATE_METHOD_MATCH = YES;
				COPY_PHASE_STRIP = NO;
				DEBUG_INFORMATION_FORMAT = "dwarf-with-dsym";
				ENABLE_NS_ASSERTIONS = NO;
				ENABLE_STRICT_OBJC_MSGSEND = YES;
				ENABLE_USER_SCRIPT_SANDBOXING = YES;
				GCC_C_LANGUAGE_STANDARD = gnu17;
				GCC_NO_COMMON_BLOCKS = YES;
				GCC_WARN_64_TO_32_BIT_CONVERSION = YES;
				GCC_WARN_ABOUT_RETURN_TYPE = YES_ERROR;
				GCC_WARN_UNDECLARED_SELECTOR = YES;
				GCC_WARN_UNINITIALIZED_AUTOS = YES_AGGRESSIVE;
				GCC_WARN_UNUSED_FUNCTION = YES;
				GCC_WARN_UNUSED_VARIABLE = YES;
				IPHONEOS_DEPLOYMENT_TARGET = 18.0;
				LOCALIZATION_PREFERS_STRING_CATALOGS = YES;
				MTL_ENABLE_DEBUG_INFO = NO;
				MTL_FAST_MATH = YES;
				SDKROOT = iphoneos;
				SWIFT_COMPILATION_MODE = wholemodule;
				VALIDATE_PRODUCT = YES;
			};
			name = Release;
		};
		BC2172642CC69ACF00C042EA /* Debug */ = {
			isa = XCBuildConfiguration;
			buildSettings = {
				ASSETCATALOG_COMPILER_APPICON_NAME = AppIcon;
				ASSETCATALOG_COMPILER_GLOBAL_ACCENT_COLOR_NAME = AccentColor;
				CODE_SIGN_STYLE = Automatic;
				CURRENT_PROJECT_VERSION = 2;
				DEVELOPMENT_ASSET_PATHS = "\"SnapNGo/Preview Content\"";
				DEVELOPMENT_TEAM = A89P8LLWX2;
				ENABLE_PREVIEWS = YES;
				GENERATE_INFOPLIST_FILE = YES;
				INFOPLIST_FILE = SnapNGo/Info.plist;
				INFOPLIST_KEY_UIApplicationSceneManifest_Generation = YES;
				INFOPLIST_KEY_UIApplicationSupportsIndirectInputEvents = YES;
				INFOPLIST_KEY_UISupportedInterfaceOrientations_iPad = "UIInterfaceOrientationPortrait UIInterfaceOrientationPortraitUpsideDown UIInterfaceOrientationLandscapeLeft UIInterfaceOrientationLandscapeRight";
				INFOPLIST_KEY_UISupportedInterfaceOrientations_iPhone = "UIInterfaceOrientationPortrait UIInterfaceOrientationLandscapeLeft UIInterfaceOrientationLandscapeRight";
				IPHONEOS_DEPLOYMENT_TARGET = 17.0;
				LD_RUNPATH_SEARCH_PATHS = (
					"$(inherited)",
					"@executable_path/Frameworks",
				);
				MARKETING_VERSION = 1.1;
				PRODUCT_BUNDLE_IDENTIFIER = com.austinxu.SnapNGo;
				PRODUCT_NAME = "$(TARGET_NAME)";
				SUPPORTED_PLATFORMS = "iphoneos iphonesimulator";
				SUPPORTS_MACCATALYST = NO;
				SUPPORTS_MAC_DESIGNED_FOR_IPHONE_IPAD = NO;
				SUPPORTS_XR_DESIGNED_FOR_IPHONE_IPAD = NO;
				SWIFT_EMIT_LOC_STRINGS = YES;
				SWIFT_VERSION = 5.0;
				TARGETED_DEVICE_FAMILY = 1;
			};
			name = Debug;
		};
		BC2172652CC69ACF00C042EA /* Release */ = {
			isa = XCBuildConfiguration;
			buildSettings = {
				ASSETCATALOG_COMPILER_APPICON_NAME = AppIcon;
				ASSETCATALOG_COMPILER_GLOBAL_ACCENT_COLOR_NAME = AccentColor;
				CODE_SIGN_STYLE = Automatic;
				CURRENT_PROJECT_VERSION = 2;
				DEVELOPMENT_ASSET_PATHS = "\"SnapNGo/Preview Content\"";
				DEVELOPMENT_TEAM = A89P8LLWX2;
				ENABLE_PREVIEWS = YES;
				GENERATE_INFOPLIST_FILE = YES;
				INFOPLIST_FILE = SnapNGo/Info.plist;
				INFOPLIST_KEY_UIApplicationSceneManifest_Generation = YES;
				INFOPLIST_KEY_UIApplicationSupportsIndirectInputEvents = YES;
				INFOPLIST_KEY_UISupportedInterfaceOrientations_iPad = "UIInterfaceOrientationPortrait UIInterfaceOrientationPortraitUpsideDown UIInterfaceOrientationLandscapeLeft UIInterfaceOrientationLandscapeRight";
				INFOPLIST_KEY_UISupportedInterfaceOrientations_iPhone = "UIInterfaceOrientationPortrait UIInterfaceOrientationLandscapeLeft UIInterfaceOrientationLandscapeRight";
				IPHONEOS_DEPLOYMENT_TARGET = 17.0;
				LD_RUNPATH_SEARCH_PATHS = (
					"$(inherited)",
					"@executable_path/Frameworks",
				);
				MARKETING_VERSION = 1.1;
				PRODUCT_BUNDLE_IDENTIFIER = com.austinxu.SnapNGo;
				PRODUCT_NAME = "$(TARGET_NAME)";
				SUPPORTED_PLATFORMS = "iphoneos iphonesimulator";
				SUPPORTS_MACCATALYST = NO;
				SUPPORTS_MAC_DESIGNED_FOR_IPHONE_IPAD = NO;
				SUPPORTS_XR_DESIGNED_FOR_IPHONE_IPAD = NO;
				SWIFT_EMIT_LOC_STRINGS = YES;
				SWIFT_VERSION = 5.0;
				TARGETED_DEVICE_FAMILY = 1;
			};
			name = Release;
		};
/* End XCBuildConfiguration section */

/* Begin XCConfigurationList section */
		BC2172502CC69ACD00C042EA /* Build configuration list for PBXProject "SnapNGo" */ = {
			isa = XCConfigurationList;
			buildConfigurations = (
				BC2172612CC69ACF00C042EA /* Debug */,
				BC2172622CC69ACF00C042EA /* Release */,
			);
			defaultConfigurationIsVisible = 0;
			defaultConfigurationName = Release;
		};
		BC2172632CC69ACF00C042EA /* Build configuration list for PBXNativeTarget "SnapNGo" */ = {
			isa = XCConfigurationList;
			buildConfigurations = (
				BC2172642CC69ACF00C042EA /* Debug */,
				BC2172652CC69ACF00C042EA /* Release */,
			);
			defaultConfigurationIsVisible = 0;
			defaultConfigurationName = Release;
		};
/* End XCConfigurationList section */

/* Begin XCRemoteSwiftPackageReference section */
		B344000A2CE4FF6B005D9515 /* XCRemoteSwiftPackageReference "ExpandableText" */ = {
			isa = XCRemoteSwiftPackageReference;
			repositoryURL = "https://github.com/n3d1117/ExpandableText";
			requirement = {
				branch = main;
				kind = branch;
			};
		};
		B34400232CE7A675005D9515 /* XCRemoteSwiftPackageReference "CodeScanner" */ = {
			isa = XCRemoteSwiftPackageReference;
			repositoryURL = "https://github.com/twostraws/CodeScanner";
			requirement = {
				kind = upToNextMajorVersion;
				minimumVersion = 2.5.1;
			};
		};
		B36E34A92CD7C98C0081FB4E /* XCRemoteSwiftPackageReference "firebase-ios-sdk" */ = {
			isa = XCRemoteSwiftPackageReference;
			repositoryURL = "https://github.com/firebase/firebase-ios-sdk.git";
			requirement = {
				kind = upToNextMajorVersion;
				minimumVersion = 11.4.0;
			};
		};
		B36E34BB2CD7CA040081FB4E /* XCRemoteSwiftPackageReference "GoogleSignIn-iOS" */ = {
			isa = XCRemoteSwiftPackageReference;
			repositoryURL = "https://github.com/google/GoogleSignIn-iOS";
			requirement = {
				kind = upToNextMajorVersion;
				minimumVersion = 8.0.0;
			};
		};
		B36E34C02CD7CA3D0081FB4E /* XCRemoteSwiftPackageReference "keychain-swift" */ = {
			isa = XCRemoteSwiftPackageReference;
			repositoryURL = "https://github.com/evgenyneu/keychain-swift";
			requirement = {
				kind = upToNextMajorVersion;
				minimumVersion = 24.0.0;
			};
		};
		BCA1DC582D4F5E1E003DF657 /* XCRemoteSwiftPackageReference "realm-swift" */ = {
			isa = XCRemoteSwiftPackageReference;
			repositoryURL = "https://github.com/realm/realm-swift.git";
			requirement = {
				branch = master;
				kind = branch;
			};
		};
		BCABDD8A2D56406000608751 /* XCRemoteSwiftPackageReference "Kingfisher" */ = {
			isa = XCRemoteSwiftPackageReference;
			repositoryURL = "https://github.com/onevcat/Kingfisher.git";
			requirement = {
				kind = upToNextMajorVersion;
				minimumVersion = 8.2.0;
			};
		};
/* End XCRemoteSwiftPackageReference section */

/* Begin XCSwiftPackageProductDependency section */
		B344000B2CE4FF6B005D9515 /* ExpandableText */ = {
			isa = XCSwiftPackageProductDependency;
			package = B344000A2CE4FF6B005D9515 /* XCRemoteSwiftPackageReference "ExpandableText" */;
			productName = ExpandableText;
		};
		B34400242CE7A675005D9515 /* CodeScanner */ = {
			isa = XCSwiftPackageProductDependency;
			package = B34400232CE7A675005D9515 /* XCRemoteSwiftPackageReference "CodeScanner" */;
			productName = CodeScanner;
		};
		B36E34AB2CD7C9B40081FB4E /* FirebaseAnalytics */ = {
			isa = XCSwiftPackageProductDependency;
			package = B36E34A92CD7C98C0081FB4E /* XCRemoteSwiftPackageReference "firebase-ios-sdk" */;
			productName = FirebaseAnalytics;
		};
		B36E34AD2CD7C9B40081FB4E /* FirebaseAnalyticsOnDeviceConversion */ = {
			isa = XCSwiftPackageProductDependency;
			package = B36E34A92CD7C98C0081FB4E /* XCRemoteSwiftPackageReference "firebase-ios-sdk" */;
			productName = FirebaseAnalyticsOnDeviceConversion;
		};
		B36E34AF2CD7C9B40081FB4E /* FirebaseAnalyticsWithoutAdIdSupport */ = {
			isa = XCSwiftPackageProductDependency;
			package = B36E34A92CD7C98C0081FB4E /* XCRemoteSwiftPackageReference "firebase-ios-sdk" */;
			productName = FirebaseAnalyticsWithoutAdIdSupport;
		};
		B36E34B12CD7C9B40081FB4E /* FirebaseAppCheck */ = {
			isa = XCSwiftPackageProductDependency;
			package = B36E34A92CD7C98C0081FB4E /* XCRemoteSwiftPackageReference "firebase-ios-sdk" */;
			productName = FirebaseAppCheck;
		};
		B36E34B32CD7C9B40081FB4E /* FirebaseAppDistribution-Beta */ = {
			isa = XCSwiftPackageProductDependency;
			package = B36E34A92CD7C98C0081FB4E /* XCRemoteSwiftPackageReference "firebase-ios-sdk" */;
			productName = "FirebaseAppDistribution-Beta";
		};
		B36E34B52CD7C9B40081FB4E /* FirebaseAuth */ = {
			isa = XCSwiftPackageProductDependency;
			package = B36E34A92CD7C98C0081FB4E /* XCRemoteSwiftPackageReference "firebase-ios-sdk" */;
			productName = FirebaseAuth;
		};
		B36E34B72CD7C9B40081FB4E /* FirebaseFirestore */ = {
			isa = XCSwiftPackageProductDependency;
			package = B36E34A92CD7C98C0081FB4E /* XCRemoteSwiftPackageReference "firebase-ios-sdk" */;
			productName = FirebaseFirestore;
		};
		B36E34B92CD7C9B40081FB4E /* FirebaseStorage */ = {
			isa = XCSwiftPackageProductDependency;
			package = B36E34A92CD7C98C0081FB4E /* XCRemoteSwiftPackageReference "firebase-ios-sdk" */;
			productName = FirebaseStorage;
		};
		B36E34BC2CD7CA040081FB4E /* GoogleSignIn */ = {
			isa = XCSwiftPackageProductDependency;
			package = B36E34BB2CD7CA040081FB4E /* XCRemoteSwiftPackageReference "GoogleSignIn-iOS" */;
			productName = GoogleSignIn;
		};
		B36E34BE2CD7CA040081FB4E /* GoogleSignInSwift */ = {
			isa = XCSwiftPackageProductDependency;
			package = B36E34BB2CD7CA040081FB4E /* XCRemoteSwiftPackageReference "GoogleSignIn-iOS" */;
			productName = GoogleSignInSwift;
		};
		B36E34C12CD7CA3D0081FB4E /* KeychainSwift */ = {
			isa = XCSwiftPackageProductDependency;
			package = B36E34C02CD7CA3D0081FB4E /* XCRemoteSwiftPackageReference "keychain-swift" */;
			productName = KeychainSwift;
		};
		BCA1DC5B2D4F5E1E003DF657 /* RealmSwift */ = {
			isa = XCSwiftPackageProductDependency;
			package = BCA1DC582D4F5E1E003DF657 /* XCRemoteSwiftPackageReference "realm-swift" */;
			productName = RealmSwift;
		};
		BCABDD8B2D56406000608751 /* Kingfisher */ = {
			isa = XCSwiftPackageProductDependency;
			package = BCABDD8A2D56406000608751 /* XCRemoteSwiftPackageReference "Kingfisher" */;
			productName = Kingfisher;
		};
/* End XCSwiftPackageProductDependency section */
	};
	rootObject = BC21724D2CC69ACD00C042EA /* Project object */;
}
